github.com/iskylite/nodeset v1.0.1 h1:2yif2U3tyioRQyWSYSRVC47DUL0Raib4Ej+tEZIFlLs=
github.com/iskylite/nodeset v1.0.1/go.mod h1:PCZzSaZBqVBbiHxCJb4PVHl7m6C5+5DrD1EVMl5+Clw=
github.com/segmentio/fasthash v1.0.3 h1:EI9+KE1EwvMLBWwjpRDc+fEM+prwxDYbslddQGtrmhM=
github.com/segmentio/fasthash v1.0.3/go.mod h1:waKX8l2N8yckOgmSsXJi7x1ZfdKZ4x7KRMzBtS3oedY=
github.com/stmcginnis/gofish v0.20.0 h1:hH2V2Qe898F2wWT1loApnkDUrXXiLKqbSlMaH3Y1n08=
github.com/stmcginnis/gofish v0.20.0/go.mod h1:PzF5i8ecRG9A2ol8XT64npKUunyraJ+7t0kYMpQAtqU=
github.com/willf/bitset v1.1.10 h1:NotGKqX0KwQ72NUzqrjZq5ipPNDQex9lo3WpaS8L2sc=
github.com/willf/bitset v1.1.10/go.mod h1:RjeCKbqT1RxIR/KWY6phxZiaY1IyutSBfGjNPySAYV4=
